
Microsoft Visual Studio Solution File, Format Version 12.00
# Visual Studio Version 17
VisualStudioVersion = 17.0.31903.59
MinimumVisualStudioVersion = 10.0.40219.1
Project("{FAE04EC0-301F-11D3-BF4B-00C04F79EFBC}") = "BaseApp", "BaseApp\BaseApp.csproj", "{1F5CA865-1541-4DF2-BA82-45D22F614AF8}"
EndProject
Project("{FAE04EC0-301F-11D3-BF4B-00C04F79EFBC}") = "TestingApplicationAgain", "TestingApplicationAgain\TestingApplicationAgain.csproj", "{4DAE21D5-3235-44BA-B2F7-843195EE649A}"
EndProject
Global
	GlobalSection(SolutionConfigurationPlatforms) = preSolution
		Debug|Any CPU = Debug|Any CPU
		Release|Any CPU = Release|Any CPU
	EndGlobalSection
	GlobalSection(SolutionProperties) = preSolution
		HideSolutionNode = FALSE
	EndGlobalSection
	GlobalSection(ProjectConfigurationPlatforms) = postSolution
		{1F5CA865-1541-4DF2-BA82-45D22F614AF8}.Debug|Any CPU.ActiveCfg = Debug|Any CPU
		{1F5CA865-1541-4DF2-BA82-45D22F614AF8}.Debug|Any CPU.Build.0 = Debug|Any CPU
		{1F5CA865-1541-4DF2-BA82-45D22F614AF8}.Release|Any CPU.ActiveCfg = Release|Any CPU
		{1F5CA865-1541-4DF2-BA82-45D22F614AF8}.Release|Any CPU.Build.0 = Release|Any CPU
		{4DAE21D5-3235-44BA-B2F7-843195EE649A}.Debug|Any CPU.ActiveCfg = Debug|Any CPU
		{4DAE21D5-3235-44BA-B2F7-843195EE649A}.Debug|Any CPU.Build.0 = Debug|Any CPU
		{4DAE21D5-3235-44BA-B2F7-843195EE649A}.Release|Any CPU.ActiveCfg = Release|Any CPU
		{4DAE21D5-3235-44BA-B2F7-843195EE649A}.Release|Any CPU.Build.0 = Release|Any CPU
	EndGlobalSection
EndGlobal
